// !$*UTF8*$!
{
	archiveVersion = 1;
	classes = {
	};
	objectVersion = 50;
	objects = {

/* Begin PBXBuildFile section */
		988CDD841C5F6DC3857BE99D /* Pods_Gotcha_2018.framework in Frameworks */ = {isa = PBXBuildFile; fileRef = 88DE32E15CAF75CC61CDBA94 /* Pods_Gotcha_2018.framework */; };
		F71F28902182931E004B60A8 /* GameService.swift in Sources */ = {isa = PBXBuildFile; fileRef = F71F288F2182931E004B60A8 /* GameService.swift */; };
		F7A539E92182553A0088F7A5 /* AppDelegate.swift in Sources */ = {isa = PBXBuildFile; fileRef = F7A539E82182553A0088F7A5 /* AppDelegate.swift */; };
		F7A539EB2182553A0088F7A5 /* TargetViewController.swift in Sources */ = {isa = PBXBuildFile; fileRef = F7A539EA2182553A0088F7A5 /* TargetViewController.swift */; };
		F7A539F02182553A0088F7A5 /* Main.storyboard in Resources */ = {isa = PBXBuildFile; fileRef = F7A539EE2182553A0088F7A5 /* Main.storyboard */; };
		F7A539F22182553C0088F7A5 /* Assets.xcassets in Resources */ = {isa = PBXBuildFile; fileRef = F7A539F12182553C0088F7A5 /* Assets.xcassets */; };
		F7A539F52182553C0088F7A5 /* LaunchScreen.storyboard in Resources */ = {isa = PBXBuildFile; fileRef = F7A539F32182553C0088F7A5 /* LaunchScreen.storyboard */; };
		F7A53A00218255DF0088F7A5 /* Login.storyboard in Resources */ = {isa = PBXBuildFile; fileRef = F7A539FF218255DF0088F7A5 /* Login.storyboard */; };
		F7A53A02218256FC0088F7A5 /* GoogleService-Info.plist in Resources */ = {isa = PBXBuildFile; fileRef = F7A53A01218256FC0088F7A5 /* GoogleService-Info.plist */; };
		F7F06D5421825A7B00817941 /* UIStoryboard+Utility.swift in Sources */ = {isa = PBXBuildFile; fileRef = F7F06D5321825A7B00817941 /* UIStoryboard+Utility.swift */; };
		F7F06D5821825F9800817941 /* Constants.swift in Sources */ = {isa = PBXBuildFile; fileRef = F7F06D5721825F9800817941 /* Constants.swift */; };
		F7F06D5B2182613D00817941 /* User.swift in Sources */ = {isa = PBXBuildFile; fileRef = F7F06D5A2182613D00817941 /* User.swift */; };
		F7F06D5F2182641200817941 /* LoginViewController.swift in Sources */ = {isa = PBXBuildFile; fileRef = F7F06D5E2182641200817941 /* LoginViewController.swift */; };
/* End PBXBuildFile section */

/* Begin PBXFileReference section */
		4610C44AA3CE1C92850F465C /* Pods-Gotcha 2018.debug.xcconfig */ = {isa = PBXFileReference; includeInIndex = 1; lastKnownFileType = text.xcconfig; name = "Pods-Gotcha 2018.debug.xcconfig"; path = "Pods/Target Support Files/Pods-Gotcha 2018/Pods-Gotcha 2018.debug.xcconfig"; sourceTree = "<group>"; };
		88DE32E15CAF75CC61CDBA94 /* Pods_Gotcha_2018.framework */ = {isa = PBXFileReference; explicitFileType = wrapper.framework; includeInIndex = 0; path = Pods_Gotcha_2018.framework; sourceTree = BUILT_PRODUCTS_DIR; };
		B3C8C8F6BC577F247FDB2B7A /* Pods-Gotcha 2018.release.xcconfig */ = {isa = PBXFileReference; includeInIndex = 1; lastKnownFileType = text.xcconfig; name = "Pods-Gotcha 2018.release.xcconfig"; path = "Pods/Target Support Files/Pods-Gotcha 2018/Pods-Gotcha 2018.release.xcconfig"; sourceTree = "<group>"; };
		F71F288F2182931E004B60A8 /* GameService.swift */ = {isa = PBXFileReference; lastKnownFileType = sourcecode.swift; path = GameService.swift; sourceTree = "<group>"; };
		F7A539E52182553A0088F7A5 /* Gotcha 2018.app */ = {isa = PBXFileReference; explicitFileType = wrapper.application; includeInIndex = 0; path = "Gotcha 2018.app"; sourceTree = BUILT_PRODUCTS_DIR; };
		F7A539E82182553A0088F7A5 /* AppDelegate.swift */ = {isa = PBXFileReference; lastKnownFileType = sourcecode.swift; path = AppDelegate.swift; sourceTree = "<group>"; };
		F7A539EA2182553A0088F7A5 /* TargetViewController.swift */ = {isa = PBXFileReference; lastKnownFileType = sourcecode.swift; path = TargetViewController.swift; sourceTree = "<group>"; };
		F7A539EF2182553A0088F7A5 /* Base */ = {isa = PBXFileReference; lastKnownFileType = file.storyboard; name = Base; path = Base.lproj/Main.storyboard; sourceTree = "<group>"; };
		F7A539F12182553C0088F7A5 /* Assets.xcassets */ = {isa = PBXFileReference; lastKnownFileType = folder.assetcatalog; path = Assets.xcassets; sourceTree = "<group>"; };
		F7A539F42182553C0088F7A5 /* Base */ = {isa = PBXFileReference; lastKnownFileType = file.storyboard; name = Base; path = Base.lproj/LaunchScreen.storyboard; sourceTree = "<group>"; };
		F7A539F62182553C0088F7A5 /* Info.plist */ = {isa = PBXFileReference; lastKnownFileType = text.plist.xml; path = Info.plist; sourceTree = "<group>"; };
		F7A539FF218255DF0088F7A5 /* Login.storyboard */ = {isa = PBXFileReference; lastKnownFileType = file.storyboard; path = Login.storyboard; sourceTree = "<group>"; };
		F7A53A01218256FC0088F7A5 /* GoogleService-Info.plist */ = {isa = PBXFileReference; fileEncoding = 4; lastKnownFileType = text.plist.xml; path = "GoogleService-Info.plist"; sourceTree = "<group>"; };
		F7F06D5321825A7B00817941 /* UIStoryboard+Utility.swift */ = {isa = PBXFileReference; lastKnownFileType = sourcecode.swift; path = "UIStoryboard+Utility.swift"; sourceTree = "<group>"; };
		F7F06D5721825F9800817941 /* Constants.swift */ = {isa = PBXFileReference; lastKnownFileType = sourcecode.swift; path = Constants.swift; sourceTree = "<group>"; };
		F7F06D5A2182613D00817941 /* User.swift */ = {isa = PBXFileReference; lastKnownFileType = sourcecode.swift; path = User.swift; sourceTree = "<group>"; };
		F7F06D5E2182641200817941 /* LoginViewController.swift */ = {isa = PBXFileReference; lastKnownFileType = sourcecode.swift; path = LoginViewController.swift; sourceTree = "<group>"; };
/* End PBXFileReference section */

/* Begin PBXFrameworksBuildPhase section */
		F7A539E22182553A0088F7A5 /* Frameworks */ = {
			isa = PBXFrameworksBuildPhase;
			buildActionMask = 2147483647;
			files = (
				988CDD841C5F6DC3857BE99D /* Pods_Gotcha_2018.framework in Frameworks */,
			);
			runOnlyForDeploymentPostprocessing = 0;
		};
/* End PBXFrameworksBuildPhase section */

/* Begin PBXGroup section */
		65BAF10F121C0D61C3E848D9 /* Pods */ = {
			isa = PBXGroup;
			children = (
				4610C44AA3CE1C92850F465C /* Pods-Gotcha 2018.debug.xcconfig */,
				B3C8C8F6BC577F247FDB2B7A /* Pods-Gotcha 2018.release.xcconfig */,
			);
			name = Pods;
			sourceTree = "<group>";
		};
		F71F288E2182930E004B60A8 /* Services */ = {
			isa = PBXGroup;
			children = (
				F71F288F2182931E004B60A8 /* GameService.swift */,
			);
			path = Services;
			sourceTree = "<group>";
		};
		F7A539DC2182553A0088F7A5 = {
			isa = PBXGroup;
			children = (
				F7A539E72182553A0088F7A5 /* Gotcha 2018 */,
				F7A539E62182553A0088F7A5 /* Products */,
				65BAF10F121C0D61C3E848D9 /* Pods */,
				FD72DF4DEFC49516EB645F38 /* Frameworks */,
			);
			sourceTree = "<group>";
		};
		F7A539E62182553A0088F7A5 /* Products */ = {
			isa = PBXGroup;
			children = (
				F7A539E52182553A0088F7A5 /* Gotcha 2018.app */,
			);
			name = Products;
			sourceTree = "<group>";
		};
		F7A539E72182553A0088F7A5 /* Gotcha 2018 */ = {
			isa = PBXGroup;
			children = (
				F71F288E2182930E004B60A8 /* Services */,
				F7F06D592182612600817941 /* Models */,
				F7F06D5221825A4100817941 /* Extensions */,
				F7A539FE218255660088F7A5 /* Storyboards */,
				F7A539FC218255440088F7A5 /* Supporting */,
				F7A539FD218255550088F7A5 /* Controllers */,
			);
			path = "Gotcha 2018";
			sourceTree = "<group>";
		};
		F7A539FC218255440088F7A5 /* Supporting */ = {
			isa = PBXGroup;
			children = (
				F7A539E82182553A0088F7A5 /* AppDelegate.swift */,
				F7F06D5721825F9800817941 /* Constants.swift */,
				F7A53A01218256FC0088F7A5 /* GoogleService-Info.plist */,
				F7A539F12182553C0088F7A5 /* Assets.xcassets */,
				F7A539F62182553C0088F7A5 /* Info.plist */,
			);
			path = Supporting;
			sourceTree = "<group>";
		};
		F7A539FD218255550088F7A5 /* Controllers */ = {
			isa = PBXGroup;
			children = (
				F7A539EA2182553A0088F7A5 /* TargetViewController.swift */,
				F7F06D5E2182641200817941 /* LoginViewController.swift */,
			);
			path = Controllers;
			sourceTree = "<group>";
		};
		F7A539FE218255660088F7A5 /* Storyboards */ = {
			isa = PBXGroup;
			children = (
				F7A539EE2182553A0088F7A5 /* Main.storyboard */,
				F7A539F32182553C0088F7A5 /* LaunchScreen.storyboard */,
				F7A539FF218255DF0088F7A5 /* Login.storyboard */,
			);
			path = Storyboards;
			sourceTree = "<group>";
		};
		F7F06D5221825A4100817941 /* Extensions */ = {
			isa = PBXGroup;
			children = (
				F7F06D5321825A7B00817941 /* UIStoryboard+Utility.swift */,
			);
			path = Extensions;
			sourceTree = "<group>";
		};
		F7F06D592182612600817941 /* Models */ = {
			isa = PBXGroup;
			children = (
				F7F06D5A2182613D00817941 /* User.swift */,
			);
			path = Models;
			sourceTree = "<group>";
		};
		FD72DF4DEFC49516EB645F38 /* Frameworks */ = {
			isa = PBXGroup;
			children = (
				88DE32E15CAF75CC61CDBA94 /* Pods_Gotcha_2018.framework */,
			);
			name = Frameworks;
			sourceTree = "<group>";
		};
/* End PBXGroup section */

/* Begin PBXNativeTarget section */
		F7A539E42182553A0088F7A5 /* Gotcha 2018 */ = {
			isa = PBXNativeTarget;
			buildConfigurationList = F7A539F92182553C0088F7A5 /* Build configuration list for PBXNativeTarget "Gotcha 2018" */;
			buildPhases = (
				D2974FFD99DCE92ECF4B6EB7 /* [CP] Check Pods Manifest.lock */,
				F7A539E12182553A0088F7A5 /* Sources */,
				F7A539E22182553A0088F7A5 /* Frameworks */,
				F7A539E32182553A0088F7A5 /* Resources */,
				538FA296DC828515336CBC6D /* [CP] Embed Pods Frameworks */,
				C3BFAE070800BBE2BAFBEE68 /* [CP] Copy Pods Resources */,
			);
			buildRules = (
			);
			dependencies = (
			);
			name = "Gotcha 2018";
			productName = "Gotcha 2018";
			productReference = F7A539E52182553A0088F7A5 /* Gotcha 2018.app */;
			productType = "com.apple.product-type.application";
		};
/* End PBXNativeTarget section */

/* Begin PBXProject section */
		F7A539DD2182553A0088F7A5 /* Project object */ = {
			isa = PBXProject;
			attributes = {
				LastSwiftUpdateCheck = 1000;
				LastUpgradeCheck = 1000;
				ORGANIZATIONNAME = "Ben Botvinick";
				TargetAttributes = {
					F7A539E42182553A0088F7A5 = {
						CreatedOnToolsVersion = 10.0;
					};
				};
			};
			buildConfigurationList = F7A539E02182553A0088F7A5 /* Build configuration list for PBXProject "Gotcha 2018" */;
			compatibilityVersion = "Xcode 9.3";
			developmentRegion = en;
			hasScannedForEncodings = 0;
			knownRegions = (
				en,
				Base,
			);
			mainGroup = F7A539DC2182553A0088F7A5;
			productRefGroup = F7A539E62182553A0088F7A5 /* Products */;
			projectDirPath = "";
			projectRoot = "";
			targets = (
				F7A539E42182553A0088F7A5 /* Gotcha 2018 */,
			);
		};
/* End PBXProject section */

/* Begin PBXResourcesBuildPhase section */
		F7A539E32182553A0088F7A5 /* Resources */ = {
			isa = PBXResourcesBuildPhase;
			buildActionMask = 2147483647;
			files = (
				F7A53A00218255DF0088F7A5 /* Login.storyboard in Resources */,
				F7A539F52182553C0088F7A5 /* LaunchScreen.storyboard in Resources */,
				F7A53A02218256FC0088F7A5 /* GoogleService-Info.plist in Resources */,
				F7A539F22182553C0088F7A5 /* Assets.xcassets in Resources */,
				F7A539F02182553A0088F7A5 /* Main.storyboard in Resources */,
			);
			runOnlyForDeploymentPostprocessing = 0;
		};
/* End PBXResourcesBuildPhase section */

/* Begin PBXShellScriptBuildPhase section */
		538FA296DC828515336CBC6D /* [CP] Embed Pods Frameworks */ = {
			isa = PBXShellScriptBuildPhase;
			buildActionMask = 2147483647;
			files = (
			);
			inputPaths = (
				"${SRCROOT}/Pods/Target Support Files/Pods-Gotcha 2018/Pods-Gotcha 2018-frameworks.sh",
				"${BUILT_PRODUCTS_DIR}/GTMOAuth2/GTMOAuth2.framework",
				"${BUILT_PRODUCTS_DIR}/GTMSessionFetcher/GTMSessionFetcher.framework",
				"${BUILT_PRODUCTS_DIR}/GoogleToolboxForMac/GoogleToolboxForMac.framework",
				"${BUILT_PRODUCTS_DIR}/GoogleUtilities/GoogleUtilities.framework",
				"${BUILT_PRODUCTS_DIR}/leveldb-library/leveldb.framework",
				"${BUILT_PRODUCTS_DIR}/nanopb/nanopb.framework",
			);
			name = "[CP] Embed Pods Frameworks";
			outputPaths = (
				"${TARGET_BUILD_DIR}/${FRAMEWORKS_FOLDER_PATH}/GTMOAuth2.framework",
				"${TARGET_BUILD_DIR}/${FRAMEWORKS_FOLDER_PATH}/GTMSessionFetcher.framework",
				"${TARGET_BUILD_DIR}/${FRAMEWORKS_FOLDER_PATH}/GoogleToolboxForMac.framework",
				"${TARGET_BUILD_DIR}/${FRAMEWORKS_FOLDER_PATH}/GoogleUtilities.framework",
				"${TARGET_BUILD_DIR}/${FRAMEWORKS_FOLDER_PATH}/leveldb.framework",
				"${TARGET_BUILD_DIR}/${FRAMEWORKS_FOLDER_PATH}/nanopb.framework",
			);
			runOnlyForDeploymentPostprocessing = 0;
			shellPath = /bin/sh;
			shellScript = "\"${SRCROOT}/Pods/Target Support Files/Pods-Gotcha 2018/Pods-Gotcha 2018-frameworks.sh\"\n";
			showEnvVarsInLog = 0;
		};
		C3BFAE070800BBE2BAFBEE68 /* [CP] Copy Pods Resources */ = {
			isa = PBXShellScriptBuildPhase;
			buildActionMask = 2147483647;
			files = (
			);
			inputPaths = (
				"${SRCROOT}/Pods/Target Support Files/Pods-Gotcha 2018/Pods-Gotcha 2018-resources.sh",
				"${PODS_ROOT}/GoogleSignIn/Resources/GoogleSignIn.bundle",
			);
			name = "[CP] Copy Pods Resources";
			outputPaths = (
				"${TARGET_BUILD_DIR}/${UNLOCALIZED_RESOURCES_FOLDER_PATH}/GoogleSignIn.bundle",
			);
			runOnlyForDeploymentPostprocessing = 0;
			shellPath = /bin/sh;
			shellScript = "\"${SRCROOT}/Pods/Target Support Files/Pods-Gotcha 2018/Pods-Gotcha 2018-resources.sh\"\n";
			showEnvVarsInLog = 0;
		};
		D2974FFD99DCE92ECF4B6EB7 /* [CP] Check Pods Manifest.lock */ = {
			isa = PBXShellScriptBuildPhase;
			buildActionMask = 2147483647;
			files = (
			);
			inputPaths = (
				"${PODS_PODFILE_DIR_PATH}/Podfile.lock",
				"${PODS_ROOT}/Manifest.lock",
			);
			name = "[CP] Check Pods Manifest.lock";
			outputPaths = (
				"$(DERIVED_FILE_DIR)/Pods-Gotcha 2018-checkManifestLockResult.txt",
			);
			runOnlyForDeploymentPostprocessing = 0;
			shellPath = /bin/sh;
			shellScript = "diff \"${PODS_PODFILE_DIR_PATH}/Podfile.lock\" \"${PODS_ROOT}/Manifest.lock\" > /dev/null\nif [ $? != 0 ] ; then\n    # print error to STDERR\n    echo \"error: The sandbox is not in sync with the Podfile.lock. Run 'pod install' or update your CocoaPods installation.\" >&2\n    exit 1\nfi\n# This output is used by Xcode 'outputs' to avoid re-running this script phase.\necho \"SUCCESS\" > \"${SCRIPT_OUTPUT_FILE_0}\"\n";
			showEnvVarsInLog = 0;
		};
/* End PBXShellScriptBuildPhase section */

/* Begin PBXSourcesBuildPhase section */
		F7A539E12182553A0088F7A5 /* Sources */ = {
			isa = PBXSourcesBuildPhase;
			buildActionMask = 2147483647;
			files = (
				F7F06D5F2182641200817941 /* LoginViewController.swift in Sources */,
				F7F06D5821825F9800817941 /* Constants.swift in Sources */,
				F7F06D5B2182613D00817941 /* User.swift in Sources */,
				F7A539E92182553A0088F7A5 /* AppDelegate.swift in Sources */,
				F7A539EB2182553A0088F7A5 /* TargetViewController.swift in Sources */,
				F7F06D5421825A7B00817941 /* UIStoryboard+Utility.swift in Sources */,
				F71F28902182931E004B60A8 /* GameService.swift in Sources */,
			);
			runOnlyForDeploymentPostprocessing = 0;
		};
/* End PBXSourcesBuildPhase section */

/* Begin PBXVariantGroup section */
		F7A539EE2182553A0088F7A5 /* Main.storyboard */ = {
			isa = PBXVariantGroup;
			children = (
				F7A539EF2182553A0088F7A5 /* Base */,
			);
			name = Main.storyboard;
			sourceTree = "<group>";
		};
		F7A539F32182553C0088F7A5 /* LaunchScreen.storyboard */ = {
			isa = PBXVariantGroup;
			children = (
				F7A539F42182553C0088F7A5 /* Base */,
			);
			name = LaunchScreen.storyboard;
			sourceTree = "<group>";
		};
/* End PBXVariantGroup section */

/* Begin XCBuildConfiguration section */
		F7A539F72182553C0088F7A5 /* Debug */ = {
			isa = XCBuildConfiguration;
			buildSettings = {
				ALWAYS_SEARCH_USER_PATHS = NO;
				CLANG_ANALYZER_NONNULL = YES;
				CLANG_ANALYZER_NUMBER_OBJECT_CONVERSION = YES_AGGRESSIVE;
				CLANG_CXX_LANGUAGE_STANDARD = "gnu++14";
				CLANG_CXX_LIBRARY = "libc++";
				CLANG_ENABLE_MODULES = YES;
				CLANG_ENABLE_OBJC_ARC = YES;
				CLANG_ENABLE_OBJC_WEAK = YES;
				CLANG_WARN_BLOCK_CAPTURE_AUTORELEASING = YES;
				CLANG_WARN_BOOL_CONVERSION = YES;
				CLANG_WARN_COMMA = YES;
				CLANG_WARN_CONSTANT_CONVERSION = YES;
				CLANG_WARN_DEPRECATED_OBJC_IMPLEMENTATIONS = YES;
				CLANG_WARN_DIRECT_OBJC_ISA_USAGE = YES_ERROR;
				CLANG_WARN_DOCUMENTATION_COMMENTS = YES;
				CLANG_WARN_EMPTY_BODY = YES;
				CLANG_WARN_ENUM_CONVERSION = YES;
				CLANG_WARN_INFINITE_RECURSION = YES;
				CLANG_WARN_INT_CONVERSION = YES;
				CLANG_WARN_NON_LITERAL_NULL_CONVERSION = YES;
				CLANG_WARN_OBJC_IMPLICIT_RETAIN_SELF = YES;
				CLANG_WARN_OBJC_LITERAL_CONVERSION = YES;
				CLANG_WARN_OBJC_ROOT_CLASS = YES_ERROR;
				CLANG_WARN_RANGE_LOOP_ANALYSIS = YES;
				CLANG_WARN_STRICT_PROTOTYPES = YES;
				CLANG_WARN_SUSPICIOUS_MOVE = YES;
				CLANG_WARN_UNGUARDED_AVAILABILITY = YES_AGGRESSIVE;
				CLANG_WARN_UNREACHABLE_CODE = YES;
				CLANG_WARN__DUPLICATE_METHOD_MATCH = YES;
				CODE_SIGN_IDENTITY = "iPhone Developer";
				COPY_PHASE_STRIP = NO;
				DEBUG_INFORMATION_FORMAT = dwarf;
				ENABLE_STRICT_OBJC_MSGSEND = YES;
				ENABLE_TESTABILITY = YES;
				GCC_C_LANGUAGE_STANDARD = gnu11;
				GCC_DYNAMIC_NO_PIC = NO;
				GCC_NO_COMMON_BLOCKS = YES;
				GCC_OPTIMIZATION_LEVEL = 0;
				GCC_PREPROCESSOR_DEFINITIONS = (
					"DEBUG=1",
					"$(inherited)",
				);
				GCC_WARN_64_TO_32_BIT_CONVERSION = YES;
				GCC_WARN_ABOUT_RETURN_TYPE = YES_ERROR;
				GCC_WARN_UNDECLARED_SELECTOR = YES;
				GCC_WARN_UNINITIALIZED_AUTOS = YES_AGGRESSIVE;
				GCC_WARN_UNUSED_FUNCTION = YES;
				GCC_WARN_UNUSED_VARIABLE = YES;
				IPHONEOS_DEPLOYMENT_TARGET = 12.0;
				MTL_ENABLE_DEBUG_INFO = INCLUDE_SOURCE;
				MTL_FAST_MATH = YES;
				ONLY_ACTIVE_ARCH = YES;
				SDKROOT = iphoneos;
				SWIFT_ACTIVE_COMPILATION_CONDITIONS = DEBUG;
				SWIFT_OPTIMIZATION_LEVEL = "-Onone";
			};
			name = Debug;
		};
		F7A539F82182553C0088F7A5 /* Release */ = {
			isa = XCBuildConfiguration;
			buildSettings = {
				ALWAYS_SEARCH_USER_PATHS = NO;
				CLANG_ANALYZER_NONNULL = YES;
				CLANG_ANALYZER_NUMBER_OBJECT_CONVERSION = YES_AGGRESSIVE;
				CLANG_CXX_LANGUAGE_STANDARD = "gnu++14";
				CLANG_CXX_LIBRARY = "libc++";
				CLANG_ENABLE_MODULES = YES;
				CLANG_ENABLE_OBJC_ARC = YES;
				CLANG_ENABLE_OBJC_WEAK = YES;
				CLANG_WARN_BLOCK_CAPTURE_AUTORELEASING = YES;
				CLANG_WARN_BOOL_CONVERSION = YES;
				CLANG_WARN_COMMA = YES;
				CLANG_WARN_CONSTANT_CONVERSION = YES;
				CLANG_WARN_DEPRECATED_OBJC_IMPLEMENTATIONS = YES;
				CLANG_WARN_DIRECT_OBJC_ISA_USAGE = YES_ERROR;
				CLANG_WARN_DOCUMENTATION_COMMENTS = YES;
				CLANG_WARN_EMPTY_BODY = YES;
				CLANG_WARN_ENUM_CONVERSION = YES;
				CLANG_WARN_INFINITE_RECURSION = YES;
				CLANG_WARN_INT_CONVERSION = YES;
				CLANG_WARN_NON_LITERAL_NULL_CONVERSION = YES;
				CLANG_WARN_OBJC_IMPLICIT_RETAIN_SELF = YES;
				CLANG_WARN_OBJC_LITERAL_CONVERSION = YES;
				CLANG_WARN_OBJC_ROOT_CLASS = YES_ERROR;
				CLANG_WARN_RANGE_LOOP_ANALYSIS = YES;
				CLANG_WARN_STRICT_PROTOTYPES = YES;
				CLANG_WARN_SUSPICIOUS_MOVE = YES;
				CLANG_WARN_UNGUARDED_AVAILABILITY = YES_AGGRESSIVE;
				CLANG_WARN_UNREACHABLE_CODE = YES;
				CLANG_WARN__DUPLICATE_METHOD_MATCH = YES;
				CODE_SIGN_IDENTITY = "iPhone Developer";
				COPY_PHASE_STRIP = NO;
				DEBUG_INFORMATION_FORMAT = "dwarf-with-dsym";
				ENABLE_NS_ASSERTIONS = NO;
				ENABLE_STRICT_OBJC_MSGSEND = YES;
				GCC_C_LANGUAGE_STANDARD = gnu11;
				GCC_NO_COMMON_BLOCKS = YES;
				GCC_WARN_64_TO_32_BIT_CONVERSION = YES;
				GCC_WARN_ABOUT_RETURN_TYPE = YES_ERROR;
				GCC_WARN_UNDECLARED_SELECTOR = YES;
				GCC_WARN_UNINITIALIZED_AUTOS = YES_AGGRESSIVE;
				GCC_WARN_UNUSED_FUNCTION = YES;
				GCC_WARN_UNUSED_VARIABLE = YES;
				IPHONEOS_DEPLOYMENT_TARGET = 12.0;
				MTL_ENABLE_DEBUG_INFO = NO;
				MTL_FAST_MATH = YES;
				SDKROOT = iphoneos;
				SWIFT_COMPILATION_MODE = wholemodule;
				SWIFT_OPTIMIZATION_LEVEL = "-O";
				VALIDATE_PRODUCT = YES;
			};
			name = Release;
		};
		F7A539FA2182553C0088F7A5 /* Debug */ = {
			isa = XCBuildConfiguration;
			baseConfigurationReference = 4610C44AA3CE1C92850F465C /* Pods-Gotcha 2018.debug.xcconfig */;
			buildSettings = {
				ASSETCATALOG_COMPILER_APPICON_NAME = AppIcon;
				CODE_SIGN_STYLE = Automatic;
				DEVELOPMENT_TEAM = RB42Y8C7YL;
				INFOPLIST_FILE = "$(SRCROOT)/Gotcha 2018/Supporting/Info.plist";
				LD_RUNPATH_SEARCH_PATHS = (
					"$(inherited)",
					"@executable_path/Frameworks",
				);
				PRODUCT_BUNDLE_IDENTIFIER = "com.benbotvinick.Gotcha-2018";
				PRODUCT_NAME = "$(TARGET_NAME)";
				SWIFT_VERSION = 4.2;
				TARGETED_DEVICE_FAMILY = "1,2";
			};
			name = Debug;
		};
		F7A539FB2182553C0088F7A5 /* Release */ = {
			isa = XCBuildConfiguration;
			baseConfigurationReference = B3C8C8F6BC577F247FDB2B7A /* Pods-Gotcha 2018.release.xcconfig */;
			buildSettings = {
				ASSETCATALOG_COMPILER_APPICON_NAME = AppIcon;
				CODE_SIGN_STYLE = Automatic;
				DEVELOPMENT_TEAM = RB42Y8C7YL;
				INFOPLIST_FILE = "$(SRCROOT)/Gotcha 2018/Supporting/Info.plist";
				LD_RUNPATH_SEARCH_PATHS = (
					"$(inherited)",
					"@executable_path/Frameworks",
				);
				PRODUCT_BUNDLE_IDENTIFIER = "com.benbotvinick.Gotcha-2018";
				PRODUCT_NAME = "$(TARGET_NAME)";
				SWIFT_VERSION = 4.2;
				TARGETED_DEVICE_FAMILY = "1,2";
			};
			name = Release;
		};
/* End XCBuildConfiguration section */

/* Begin XCConfigurationList section */
		F7A539E02182553A0088F7A5 /* Build configuration list for PBXProject "Gotcha 2018" */ = {
			isa = XCConfigurationList;
			buildConfigurations = (
				F7A539F72182553C0088F7A5 /* Debug */,
				F7A539F82182553C0088F7A5 /* Release */,
			);
			defaultConfigurationIsVisible = 0;
			defaultConfigurationName = Release;
		};
		F7A539F92182553C0088F7A5 /* Build configuration list for PBXNativeTarget "Gotcha 2018" */ = {
			isa = XCConfigurationList;
			buildConfigurations = (
				F7A539FA2182553C0088F7A5 /* Debug */,
				F7A539FB2182553C0088F7A5 /* Release */,
			);
			defaultConfigurationIsVisible = 0;
			defaultConfigurationName = Release;
		};
/* End XCConfigurationList section */
	};
	rootObject = F7A539DD2182553A0088F7A5 /* Project object */;
}
